
Microsoft Visual Studio Solution File, Format Version 12.00
# Visual Studio Version 16
VisualStudioVersion = 16.0.29123.88
MinimumVisualStudioVersion = 10.0.40219.1
Project("{F184B08F-C81C-45F6-A57F-5ABD9991F28F}") = "FEAFAA", "FEAFAA\FEAFAA.vbproj", "{20FD65FA-5BC2-42B6-B71C-767B2AEB25A3}"
	ProjectSection(ProjectDependencies) = postProject
		{8C23CBF8-9C32-47F3-A5AE-3672B935C486} = {8C23CBF8-9C32-47F3-A5AE-3672B935C486}
	EndProjectSection
EndProject
Project("{F184B08F-C81C-45F6-A57F-5ABD9991F28F}") = "FEMClassLib", "FEMClassLib\FEMClassLib.vbproj", "{8C23CBF8-9C32-47F3-A5AE-3672B935C486}"
EndProject
Project("{F184B08F-C81C-45F6-A57F-5ABD9991F28F}") = "FAAMeshClassLib", "FAAMeshClassLib\FAAMeshClassLib.vbproj", "{D8875DA7-19B8-470A-822F-30728B5F502F}"
EndProject
Project("{930C7802-8A8C-48F9-8165-68863BCCD9DD}") = "SetupFEAFAA", "SetupFEAFAA\SetupFEAFAA.wixproj", "{97F09B2A-CDD4-46AC-BDD1-4F7B37710414}"
EndProject
Global
	GlobalSection(SolutionConfigurationPlatforms) = preSolution
		CD_ROM|Any CPU = CD_ROM|Any CPU
		CD_ROM|Mixed Platforms = CD_ROM|Mixed Platforms
		CD_ROM|x64 = CD_ROM|x64
		CD_ROM|x86 = CD_ROM|x86
		Debug|Any CPU = Debug|Any CPU
		Debug|Mixed Platforms = Debug|Mixed Platforms
		Debug|x64 = Debug|x64
		Debug|x86 = Debug|x86
		DVD-5|Any CPU = DVD-5|Any CPU
		DVD-5|Mixed Platforms = DVD-5|Mixed Platforms
		DVD-5|x64 = DVD-5|x64
		DVD-5|x86 = DVD-5|x86
		Release|Any CPU = Release|Any CPU
		Release|Mixed Platforms = Release|Mixed Platforms
		Release|x64 = Release|x64
		Release|x86 = Release|x86
		SingleImage|Any CPU = SingleImage|Any CPU
		SingleImage|Mixed Platforms = SingleImage|Mixed Platforms
		SingleImage|x64 = SingleImage|x64
		SingleImage|x86 = SingleImage|x86
	EndGlobalSection
	GlobalSection(ProjectConfigurationPlatforms) = postSolution
		{20FD65FA-5BC2-42B6-B71C-767B2AEB25A3}.CD_ROM|Any CPU.ActiveCfg = Release|Any CPU
		{20FD65FA-5BC2-42B6-B71C-767B2AEB25A3}.CD_ROM|Any CPU.Build.0 = Release|Any CPU
		{20FD65FA-5BC2-42B6-B71C-767B2AEB25A3}.CD_ROM|Mixed Platforms.ActiveCfg = Release|Any CPU
		{20FD65FA-5BC2-42B6-B71C-767B2AEB25A3}.CD_ROM|Mixed Platforms.Build.0 = Release|Any CPU
		{20FD65FA-5BC2-42B6-B71C-767B2AEB25A3}.CD_ROM|x64.ActiveCfg = Release|x64
		{20FD65FA-5BC2-42B6-B71C-767B2AEB25A3}.CD_ROM|x64.Build.0 = Release|x64
		{20FD65FA-5BC2-42B6-B71C-767B2AEB25A3}.CD_ROM|x86.ActiveCfg = Release|Any CPU
		{20FD65FA-5BC2-42B6-B71C-767B2AEB25A3}.Debug|Any CPU.ActiveCfg = Debug|Any CPU
		{20FD65FA-5BC2-42B6-B71C-767B2AEB25A3}.Debug|Any CPU.Build.0 = Debug|Any CPU
		{20FD65FA-5BC2-42B6-B71C-767B2AEB25A3}.Debug|Mixed Platforms.ActiveCfg = Debug|x86
		{20FD65FA-5BC2-42B6-B71C-767B2AEB25A3}.Debug|Mixed Platforms.Build.0 = Debug|x86
		{20FD65FA-5BC2-42B6-B71C-767B2AEB25A3}.Debug|x64.ActiveCfg = Debug|x86
		{20FD65FA-5BC2-42B6-B71C-767B2AEB25A3}.Debug|x64.Build.0 = Debug|x86
		{20FD65FA-5BC2-42B6-B71C-767B2AEB25A3}.Debug|x86.ActiveCfg = Debug|x86
		{20FD65FA-5BC2-42B6-B71C-767B2AEB25A3}.Debug|x86.Build.0 = Debug|x86
		{20FD65FA-5BC2-42B6-B71C-767B2AEB25A3}.DVD-5|Any CPU.ActiveCfg = Debug|Any CPU
		{20FD65FA-5BC2-42B6-B71C-767B2AEB25A3}.DVD-5|Any CPU.Build.0 = Debug|Any CPU
		{20FD65FA-5BC2-42B6-B71C-767B2AEB25A3}.DVD-5|Mixed Platforms.ActiveCfg = Debug|Any CPU
		{20FD65FA-5BC2-42B6-B71C-767B2AEB25A3}.DVD-5|Mixed Platforms.Build.0 = Debug|Any CPU
		{20FD65FA-5BC2-42B6-B71C-767B2AEB25A3}.DVD-5|x64.ActiveCfg = Debug|x64
		{20FD65FA-5BC2-42B6-B71C-767B2AEB25A3}.DVD-5|x64.Build.0 = Debug|x64
		{20FD65FA-5BC2-42B6-B71C-767B2AEB25A3}.DVD-5|x86.ActiveCfg = Debug|Any CPU
		{20FD65FA-5BC2-42B6-B71C-767B2AEB25A3}.Release|Any CPU.ActiveCfg = Release|Any CPU
		{20FD65FA-5BC2-42B6-B71C-767B2AEB25A3}.Release|Any CPU.Build.0 = Release|Any CPU
		{20FD65FA-5BC2-42B6-B71C-767B2AEB25A3}.Release|Mixed Platforms.ActiveCfg = Debug|Any CPU
		{20FD65FA-5BC2-42B6-B71C-767B2AEB25A3}.Release|Mixed Platforms.Build.0 = Debug|Any CPU
		{20FD65FA-5BC2-42B6-B71C-767B2AEB25A3}.Release|x64.ActiveCfg = Debug|Any CPU
		{20FD65FA-5BC2-42B6-B71C-767B2AEB25A3}.Release|x64.Build.0 = Debug|Any CPU
		{20FD65FA-5BC2-42B6-B71C-767B2AEB25A3}.Release|x86.ActiveCfg = Release|Any CPU
		{20FD65FA-5BC2-42B6-B71C-767B2AEB25A3}.SingleImage|Any CPU.ActiveCfg = Release|Any CPU
		{20FD65FA-5BC2-42B6-B71C-767B2AEB25A3}.SingleImage|Any CPU.Build.0 = Release|Any CPU
		{20FD65FA-5BC2-42B6-B71C-767B2AEB25A3}.SingleImage|Mixed Platforms.ActiveCfg = Release|Any CPU
		{20FD65FA-5BC2-42B6-B71C-767B2AEB25A3}.SingleImage|Mixed Platforms.Build.0 = Release|Any CPU
		{20FD65FA-5BC2-42B6-B71C-767B2AEB25A3}.SingleImage|x64.ActiveCfg = Release|x64
		{20FD65FA-5BC2-42B6-B71C-767B2AEB25A3}.SingleImage|x64.Build.0 = Release|x64
		{20FD65FA-5BC2-42B6-B71C-767B2AEB25A3}.SingleImage|x86.ActiveCfg = Release|Any CPU
		{8C23CBF8-9C32-47F3-A5AE-3672B935C486}.CD_ROM|Any CPU.ActiveCfg = Release|Any CPU
		{8C23CBF8-9C32-47F3-A5AE-3672B935C486}.CD_ROM|Any CPU.Build.0 = Release|Any CPU
		{8C23CBF8-9C32-47F3-A5AE-3672B935C486}.CD_ROM|Mixed Platforms.ActiveCfg = Release|Any CPU
		{8C23CBF8-9C32-47F3-A5AE-3672B935C486}.CD_ROM|Mixed Platforms.Build.0 = Release|Any CPU
		{8C23CBF8-9C32-47F3-A5AE-3672B935C486}.CD_ROM|x64.ActiveCfg = Release|Any CPU
		{8C23CBF8-9C32-47F3-A5AE-3672B935C486}.CD_ROM|x64.Build.0 = Release|Any CPU
		{8C23CBF8-9C32-47F3-A5AE-3672B935C486}.CD_ROM|x86.ActiveCfg = Release|Any CPU
		{8C23CBF8-9C32-47F3-A5AE-3672B935C486}.CD_ROM|x86.Build.0 = Release|Any CPU
		{8C23CBF8-9C32-47F3-A5AE-3672B935C486}.Debug|Any CPU.ActiveCfg = Debug|Any CPU
		{8C23CBF8-9C32-47F3-A5AE-3672B935C486}.Debug|Any CPU.Build.0 = Debug|Any CPU
		{8C23CBF8-9C32-47F3-A5AE-3672B935C486}.Debug|Mixed Platforms.ActiveCfg = Debug|Any CPU
		{8C23CBF8-9C32-47F3-A5AE-3672B935C486}.Debug|Mixed Platforms.Build.0 = Debug|Any CPU
		{8C23CBF8-9C32-47F3-A5AE-3672B935C486}.Debug|x64.ActiveCfg = Debug|Any CPU
		{8C23CBF8-9C32-47F3-A5AE-3672B935C486}.Debug|x64.Build.0 = Debug|Any CPU
		{8C23CBF8-9C32-47F3-A5AE-3672B935C486}.Debug|x86.ActiveCfg = Debug|Any CPU
		{8C23CBF8-9C32-47F3-A5AE-3672B935C486}.Debug|x86.Build.0 = Debug|Any CPU
		{8C23CBF8-9C32-47F3-A5AE-3672B935C486}.DVD-5|Any CPU.ActiveCfg = Debug|Any CPU
		{8C23CBF8-9C32-47F3-A5AE-3672B935C486}.DVD-5|Any CPU.Build.0 = Debug|Any CPU
		{8C23CBF8-9C32-47F3-A5AE-3672B935C486}.DVD-5|Mixed Platforms.ActiveCfg = Debug|Any CPU
		{8C23CBF8-9C32-47F3-A5AE-3672B935C486}.DVD-5|Mixed Platforms.Build.0 = Debug|Any CPU
		{8C23CBF8-9C32-47F3-A5AE-3672B935C486}.DVD-5|x64.ActiveCfg = Debug|Any CPU
		{8C23CBF8-9C32-47F3-A5AE-3672B935C486}.DVD-5|x64.Build.0 = Debug|Any CPU
		{8C23CBF8-9C32-47F3-A5AE-3672B935C486}.DVD-5|x86.ActiveCfg = Debug|Any CPU
		{8C23CBF8-9C32-47F3-A5AE-3672B935C486}.DVD-5|x86.Build.0 = Debug|Any CPU
		{8C23CBF8-9C32-47F3-A5AE-3672B935C486}.Release|Any CPU.ActiveCfg = Release|Any CPU
		{8C23CBF8-9C32-47F3-A5AE-3672B935C486}.Release|Any CPU.Build.0 = Release|Any CPU
		{8C23CBF8-9C32-47F3-A5AE-3672B935C486}.Release|Mixed Platforms.ActiveCfg = Release|Any CPU
		{8C23CBF8-9C32-47F3-A5AE-3672B935C486}.Release|Mixed Platforms.Build.0 = Release|Any CPU
		{8C23CBF8-9C32-47F3-A5AE-3672B935C486}.Release|x64.ActiveCfg = Release|Any CPU
		{8C23CBF8-9C32-47F3-A5AE-3672B935C486}.Release|x64.Build.0 = Release|Any CPU
		{8C23CBF8-9C32-47F3-A5AE-3672B935C486}.Release|x86.ActiveCfg = Release|Any CPU
		{8C23CBF8-9C32-47F3-A5AE-3672B935C486}.Release|x86.Build.0 = Release|Any CPU
		{8C23CBF8-9C32-47F3-A5AE-3672B935C486}.SingleImage|Any CPU.ActiveCfg = Release|Any CPU
		{8C23CBF8-9C32-47F3-A5AE-3672B935C486}.SingleImage|Any CPU.Build.0 = Release|Any CPU
		{8C23CBF8-9C32-47F3-A5AE-3672B935C486}.SingleImage|Mixed Platforms.ActiveCfg = Release|Any CPU
		{8C23CBF8-9C32-47F3-A5AE-3672B935C486}.SingleImage|Mixed Platforms.Build.0 = Release|Any CPU
		{8C23CBF8-9C32-47F3-A5AE-3672B935C486}.SingleImage|x64.ActiveCfg = Release|Any CPU
		{8C23CBF8-9C32-47F3-A5AE-3672B935C486}.SingleImage|x64.Build.0 = Release|Any CPU
		{8C23CBF8-9C32-47F3-A5AE-3672B935C486}.SingleImage|x86.ActiveCfg = Release|Any CPU
		{8C23CBF8-9C32-47F3-A5AE-3672B935C486}.SingleImage|x86.Build.0 = Release|Any CPU
		{D8875DA7-19B8-470A-822F-30728B5F502F}.CD_ROM|Any CPU.ActiveCfg = Release|Any CPU
		{D8875DA7-19B8-470A-822F-30728B5F502F}.CD_ROM|Any CPU.Build.0 = Release|Any CPU
		{D8875DA7-19B8-470A-822F-30728B5F502F}.CD_ROM|Mixed Platforms.ActiveCfg = Release|Any CPU
		{D8875DA7-19B8-470A-822F-30728B5F502F}.CD_ROM|Mixed Platforms.Build.0 = Release|Any CPU
		{D8875DA7-19B8-470A-822F-30728B5F502F}.CD_ROM|x64.ActiveCfg = Release|Any CPU
		{D8875DA7-19B8-470A-822F-30728B5F502F}.CD_ROM|x64.Build.0 = Release|Any CPU
		{D8875DA7-19B8-470A-822F-30728B5F502F}.CD_ROM|x86.ActiveCfg = Release|Any CPU
		{D8875DA7-19B8-470A-822F-30728B5F502F}.CD_ROM|x86.Build.0 = Release|Any CPU
		{D8875DA7-19B8-470A-822F-30728B5F502F}.Debug|Any CPU.ActiveCfg = Debug|Any CPU
		{D8875DA7-19B8-470A-822F-30728B5F502F}.Debug|Any CPU.Build.0 = Debug|Any CPU
		{D8875DA7-19B8-470A-822F-30728B5F502F}.Debug|Mixed Platforms.ActiveCfg = Debug|Any CPU
		{D8875DA7-19B8-470A-822F-30728B5F502F}.Debug|Mixed Platforms.Build.0 = Debug|Any CPU
		{D8875DA7-19B8-470A-822F-30728B5F502F}.Debug|x64.ActiveCfg = Debug|Any CPU
		{D8875DA7-19B8-470A-822F-30728B5F502F}.Debug|x64.Build.0 = Debug|Any CPU
		{D8875DA7-19B8-470A-822F-30728B5F502F}.Debug|x86.ActiveCfg = Debug|Any CPU
		{D8875DA7-19B8-470A-822F-30728B5F502F}.Debug|x86.Build.0 = Debug|Any CPU
		{D8875DA7-19B8-470A-822F-30728B5F502F}.DVD-5|Any CPU.ActiveCfg = Debug|Any CPU
		{D8875DA7-19B8-470A-822F-30728B5F502F}.DVD-5|Any CPU.Build.0 = Debug|Any CPU
		{D8875DA7-19B8-470A-822F-30728B5F502F}.DVD-5|Mixed Platforms.ActiveCfg = Debug|Any CPU
		{D8875DA7-19B8-470A-822F-30728B5F502F}.DVD-5|Mixed Platforms.Build.0 = Debug|Any CPU
		{D8875DA7-19B8-470A-822F-30728B5F502F}.DVD-5|x64.ActiveCfg = Debug|Any CPU
		{D8875DA7-19B8-470A-822F-30728B5F502F}.DVD-5|x64.Build.0 = Debug|Any CPU
		{D8875DA7-19B8-470A-822F-30728B5F502F}.DVD-5|x86.ActiveCfg = Debug|Any CPU
		{D8875DA7-19B8-470A-822F-30728B5F502F}.DVD-5|x86.Build.0 = Debug|Any CPU
		{D8875DA7-19B8-470A-822F-30728B5F502F}.Release|Any CPU.ActiveCfg = Release|Any CPU
		{D8875DA7-19B8-470A-822F-30728B5F502F}.Release|Any CPU.Build.0 = Release|Any CPU
		{D8875DA7-19B8-470A-822F-30728B5F502F}.Release|Mixed Platforms.ActiveCfg = Release|Any CPU
		{D8875DA7-19B8-470A-822F-30728B5F502F}.Release|Mixed Platforms.Build.0 = Release|Any CPU
		{D8875DA7-19B8-470A-822F-30728B5F502F}.Release|x64.ActiveCfg = Release|Any CPU
		{D8875DA7-19B8-470A-822F-30728B5F502F}.Release|x64.Build.0 = Release|Any CPU
		{D8875DA7-19B8-470A-822F-30728B5F502F}.Release|x86.ActiveCfg = Release|Any CPU
		{D8875DA7-19B8-470A-822F-30728B5F502F}.Release|x86.Build.0 = Release|Any CPU
		{D8875DA7-19B8-470A-822F-30728B5F502F}.SingleImage|Any CPU.ActiveCfg = Release|Any CPU
		{D8875DA7-19B8-470A-822F-30728B5F502F}.SingleImage|Any CPU.Build.0 = Release|Any CPU
		{D8875DA7-19B8-470A-822F-30728B5F502F}.SingleImage|Mixed Platforms.ActiveCfg = Release|Any CPU
		{D8875DA7-19B8-470A-822F-30728B5F502F}.SingleImage|Mixed Platforms.Build.0 = Release|Any CPU
		{D8875DA7-19B8-470A-822F-30728B5F502F}.SingleImage|x64.ActiveCfg = Release|Any CPU
		{D8875DA7-19B8-470A-822F-30728B5F502F}.SingleImage|x64.Build.0 = Release|Any CPU
		{D8875DA7-19B8-470A-822F-30728B5F502F}.SingleImage|x86.ActiveCfg = Release|Any CPU
		{D8875DA7-19B8-470A-822F-30728B5F502F}.SingleImage|x86.Build.0 = Release|Any CPU
		{97F09B2A-CDD4-46AC-BDD1-4F7B37710414}.CD_ROM|Any CPU.ActiveCfg = Release|x86
		{97F09B2A-CDD4-46AC-BDD1-4F7B37710414}.CD_ROM|Any CPU.Build.0 = Release|x86
		{97F09B2A-CDD4-46AC-BDD1-4F7B37710414}.CD_ROM|Mixed Platforms.ActiveCfg = Release|x86
		{97F09B2A-CDD4-46AC-BDD1-4F7B37710414}.CD_ROM|Mixed Platforms.Build.0 = Release|x86
		{97F09B2A-CDD4-46AC-BDD1-4F7B37710414}.CD_ROM|x64.ActiveCfg = Release|x86
		{97F09B2A-CDD4-46AC-BDD1-4F7B37710414}.CD_ROM|x64.Build.0 = Release|x86
		{97F09B2A-CDD4-46AC-BDD1-4F7B37710414}.CD_ROM|x86.ActiveCfg = Release|x86
		{97F09B2A-CDD4-46AC-BDD1-4F7B37710414}.CD_ROM|x86.Build.0 = Release|x86
		{97F09B2A-CDD4-46AC-BDD1-4F7B37710414}.Debug|Any CPU.ActiveCfg = Debug|x86
		{97F09B2A-CDD4-46AC-BDD1-4F7B37710414}.Debug|Mixed Platforms.ActiveCfg = Debug|x86
		{97F09B2A-CDD4-46AC-BDD1-4F7B37710414}.Debug|Mixed Platforms.Build.0 = Debug|x86
		{97F09B2A-CDD4-46AC-BDD1-4F7B37710414}.Debug|x64.ActiveCfg = Debug|x86
		{97F09B2A-CDD4-46AC-BDD1-4F7B37710414}.Debug|x86.ActiveCfg = Debug|x86
		{97F09B2A-CDD4-46AC-BDD1-4F7B37710414}.Debug|x86.Build.0 = Debug|x86
		{97F09B2A-CDD4-46AC-BDD1-4F7B37710414}.DVD-5|Any CPU.ActiveCfg = Release|x86
		{97F09B2A-CDD4-46AC-BDD1-4F7B37710414}.DVD-5|Any CPU.Build.0 = Release|x86
		{97F09B2A-CDD4-46AC-BDD1-4F7B37710414}.DVD-5|Mixed Platforms.ActiveCfg = Debug|x86
		{97F09B2A-CDD4-46AC-BDD1-4F7B37710414}.DVD-5|Mixed Platforms.Build.0 = Debug|x86
		{97F09B2A-CDD4-46AC-BDD1-4F7B37710414}.DVD-5|x64.ActiveCfg = Release|x86
		{97F09B2A-CDD4-46AC-BDD1-4F7B37710414}.DVD-5|x64.Build.0 = Release|x86
		{97F09B2A-CDD4-46AC-BDD1-4F7B37710414}.DVD-5|x86.ActiveCfg = Debug|x86
		{97F09B2A-CDD4-46AC-BDD1-4F7B37710414}.DVD-5|x86.Build.0 = Debug|x86
		{97F09B2A-CDD4-46AC-BDD1-4F7B37710414}.Release|Any CPU.ActiveCfg = Release|x86
		{97F09B2A-CDD4-46AC-BDD1-4F7B37710414}.Release|Mixed Platforms.ActiveCfg = Release|x86
		{97F09B2A-CDD4-46AC-BDD1-4F7B37710414}.Release|Mixed Platforms.Build.0 = Release|x86
		{97F09B2A-CDD4-46AC-BDD1-4F7B37710414}.Release|x64.ActiveCfg = Release|x86
		{97F09B2A-CDD4-46AC-BDD1-4F7B37710414}.Release|x86.ActiveCfg = Release|x86
		{97F09B2A-CDD4-46AC-BDD1-4F7B37710414}.Release|x86.Build.0 = Release|x86
		{97F09B2A-CDD4-46AC-BDD1-4F7B37710414}.SingleImage|Any CPU.ActiveCfg = Release|x86
		{97F09B2A-CDD4-46AC-BDD1-4F7B37710414}.SingleImage|Any CPU.Build.0 = Release|x86
		{97F09B2A-CDD4-46AC-BDD1-4F7B37710414}.SingleImage|Mixed Platforms.ActiveCfg = Release|x86
		{97F09B2A-CDD4-46AC-BDD1-4F7B37710414}.SingleImage|Mixed Platforms.Build.0 = Release|x86
		{97F09B2A-CDD4-46AC-BDD1-4F7B37710414}.SingleImage|x64.ActiveCfg = Release|x86
		{97F09B2A-CDD4-46AC-BDD1-4F7B37710414}.SingleImage|x64.Build.0 = Release|x86
		{97F09B2A-CDD4-46AC-BDD1-4F7B37710414}.SingleImage|x86.ActiveCfg = Release|x86
		{97F09B2A-CDD4-46AC-BDD1-4F7B37710414}.SingleImage|x86.Build.0 = Release|x86
	EndGlobalSection
	GlobalSection(SolutionProperties) = preSolution
		HideSolutionNode = FALSE
	EndGlobalSection
	GlobalSection(ExtensibilityGlobals) = postSolution
		SolutionGuid = {52012D75-0592-4957-A25F-E88E065BA49B}
	EndGlobalSection
EndGlobal
